
Microsoft Visual Studio Solution File, Format Version 12.00
# Visual Studio 15
Project("{FAE04EC0-301F-11D3-BF4B-00C04F79EFBC}") = "Assembly-CSharp", "Assembly-CSharp.csproj", "{76C2143C-9A96-1B9E-3B4E-AC95F9B76E51}"
EndProject
Project("{FAE04EC0-301F-11D3-BF4B-00C04F79EFBC}") = "Assembly-CSharp-Editor-firstpass", "Assembly-CSharp-Editor-firstpass.csproj", "{2EB9984E-C2DE-C56D-314D-1252C7F3BC22}"
EndProject
Global
	GlobalSection(SolutionConfigurationPlatforms) = preSolution
		Debug|Any CPU = Debug|Any CPU
		Release|Any CPU = Release|Any CPU
	EndGlobalSection
	GlobalSection(ProjectConfigurationPlatforms) = postSolution
		{76C2143C-9A96-1B9E-3B4E-AC95F9B76E51}.Debug|Any CPU.ActiveCfg = Debug|Any CPU
		{76C2143C-9A96-1B9E-3B4E-AC95F9B76E51}.Debug|Any CPU.Build.0 = Debug|Any CPU
		{76C2143C-9A96-1B9E-3B4E-AC95F9B76E51}.Release|Any CPU.ActiveCfg = Release|Any CPU
		{76C2143C-9A96-1B9E-3B4E-AC95F9B76E51}.Release|Any CPU.Build.0 = Release|Any CPU
		{2EB9984E-C2DE-C56D-314D-1252C7F3BC22}.Debug|Any CPU.ActiveCfg = Debug|Any CPU
		{2EB9984E-C2DE-C56D-314D-1252C7F3BC22}.Debug|Any CPU.Build.0 = Debug|Any CPU
		{2EB9984E-C2DE-C56D-314D-1252C7F3BC22}.Release|Any CPU.ActiveCfg = Release|Any CPU
		{2EB9984E-C2DE-C56D-314D-1252C7F3BC22}.Release|Any CPU.Build.0 = Release|Any CPU
	EndGlobalSection
	GlobalSection(SolutionProperties) = preSolution
		HideSolutionNode = FALSE
	EndGlobalSection
EndGlobal
